
Microsoft Visual Studio Solution File, Format Version 12.00
# Visual Studio Version 17
VisualStudioVersion = 17.0.31903.59
MinimumVisualStudioVersion = 10.0.40219.1
Project("{FAE04EC0-301F-11D3-BF4B-00C04F79EFBC}") = "API", "API\API.csproj", "{9D69BC93-6F52-4C8D-A118-5DC65439C612}"
EndProject
Project("{FAE04EC0-301F-11D3-BF4B-00C04F79EFBC}") = "Application", "Application\Application.csproj", "{B8F3D915-74BA-414C-8C34-D3981DFBACDC}"
EndProject
Project("{FAE04EC0-301F-11D3-BF4B-00C04F79EFBC}") = "Persistence", "Persistence\Persistence.csproj", "{C370971B-B05D-437B-8890-DE882E152D1A}"
EndProject
Project("{FAE04EC0-301F-11D3-BF4B-00C04F79EFBC}") = "Domain", "Domain\Domain.csproj", "{B4F90AED-A444-4CB0-B944-9265BBE7914D}"
EndProject
Project("{FAE04EC0-301F-11D3-BF4B-00C04F79EFBC}") = "Infrastructure", "Infrastructure\Infrastructure.csproj", "{7AC5C304-CD42-49F5-B98E-18ACCB35E098}"
EndProject
Global
	GlobalSection(SolutionConfigurationPlatforms) = preSolution
		Debug|Any CPU = Debug|Any CPU
		Debug|x64 = Debug|x64
		Debug|x86 = Debug|x86
		Release|Any CPU = Release|Any CPU
		Release|x64 = Release|x64
		Release|x86 = Release|x86
	EndGlobalSection
	GlobalSection(ProjectConfigurationPlatforms) = postSolution
		{9D69BC93-6F52-4C8D-A118-5DC65439C612}.Debug|Any CPU.ActiveCfg = Debug|Any CPU
		{9D69BC93-6F52-4C8D-A118-5DC65439C612}.Debug|Any CPU.Build.0 = Debug|Any CPU
		{9D69BC93-6F52-4C8D-A118-5DC65439C612}.Debug|x64.ActiveCfg = Debug|Any CPU
		{9D69BC93-6F52-4C8D-A118-5DC65439C612}.Debug|x64.Build.0 = Debug|Any CPU
		{9D69BC93-6F52-4C8D-A118-5DC65439C612}.Debug|x86.ActiveCfg = Debug|Any CPU
		{9D69BC93-6F52-4C8D-A118-5DC65439C612}.Debug|x86.Build.0 = Debug|Any CPU
		{9D69BC93-6F52-4C8D-A118-5DC65439C612}.Release|Any CPU.ActiveCfg = Release|Any CPU
		{9D69BC93-6F52-4C8D-A118-5DC65439C612}.Release|Any CPU.Build.0 = Release|Any CPU
		{9D69BC93-6F52-4C8D-A118-5DC65439C612}.Release|x64.ActiveCfg = Release|Any CPU
		{9D69BC93-6F52-4C8D-A118-5DC65439C612}.Release|x64.Build.0 = Release|Any CPU
		{9D69BC93-6F52-4C8D-A118-5DC65439C612}.Release|x86.ActiveCfg = Release|Any CPU
		{9D69BC93-6F52-4C8D-A118-5DC65439C612}.Release|x86.Build.0 = Release|Any CPU
		{B8F3D915-74BA-414C-8C34-D3981DFBACDC}.Debug|Any CPU.ActiveCfg = Debug|Any CPU
		{B8F3D915-74BA-414C-8C34-D3981DFBACDC}.Debug|Any CPU.Build.0 = Debug|Any CPU
		{B8F3D915-74BA-414C-8C34-D3981DFBACDC}.Debug|x64.ActiveCfg = Debug|Any CPU
		{B8F3D915-74BA-414C-8C34-D3981DFBACDC}.Debug|x64.Build.0 = Debug|Any CPU
		{B8F3D915-74BA-414C-8C34-D3981DFBACDC}.Debug|x86.ActiveCfg = Debug|Any CPU
		{B8F3D915-74BA-414C-8C34-D3981DFBACDC}.Debug|x86.Build.0 = Debug|Any CPU
		{B8F3D915-74BA-414C-8C34-D3981DFBACDC}.Release|Any CPU.ActiveCfg = Release|Any CPU
		{B8F3D915-74BA-414C-8C34-D3981DFBACDC}.Release|Any CPU.Build.0 = Release|Any CPU
		{B8F3D915-74BA-414C-8C34-D3981DFBACDC}.Release|x64.ActiveCfg = Release|Any CPU
		{B8F3D915-74BA-414C-8C34-D3981DFBACDC}.Release|x64.Build.0 = Release|Any CPU
		{B8F3D915-74BA-414C-8C34-D3981DFBACDC}.Release|x86.ActiveCfg = Release|Any CPU
		{B8F3D915-74BA-414C-8C34-D3981DFBACDC}.Release|x86.Build.0 = Release|Any CPU
		{C370971B-B05D-437B-8890-DE882E152D1A}.Debug|Any CPU.ActiveCfg = Debug|Any CPU
		{C370971B-B05D-437B-8890-DE882E152D1A}.Debug|Any CPU.Build.0 = Debug|Any CPU
		{C370971B-B05D-437B-8890-DE882E152D1A}.Debug|x64.ActiveCfg = Debug|Any CPU
		{C370971B-B05D-437B-8890-DE882E152D1A}.Debug|x64.Build.0 = Debug|Any CPU
		{C370971B-B05D-437B-8890-DE882E152D1A}.Debug|x86.ActiveCfg = Debug|Any CPU
		{C370971B-B05D-437B-8890-DE882E152D1A}.Debug|x86.Build.0 = Debug|Any CPU
		{C370971B-B05D-437B-8890-DE882E152D1A}.Release|Any CPU.ActiveCfg = Release|Any CPU
		{C370971B-B05D-437B-8890-DE882E152D1A}.Release|Any CPU.Build.0 = Release|Any CPU
		{C370971B-B05D-437B-8890-DE882E152D1A}.Release|x64.ActiveCfg = Release|Any CPU
		{C370971B-B05D-437B-8890-DE882E152D1A}.Release|x64.Build.0 = Release|Any CPU
		{C370971B-B05D-437B-8890-DE882E152D1A}.Release|x86.ActiveCfg = Release|Any CPU
		{C370971B-B05D-437B-8890-DE882E152D1A}.Release|x86.Build.0 = Release|Any CPU
		{B4F90AED-A444-4CB0-B944-9265BBE7914D}.Debug|Any CPU.ActiveCfg = Debug|Any CPU
		{B4F90AED-A444-4CB0-B944-9265BBE7914D}.Debug|Any CPU.Build.0 = Debug|Any CPU
		{B4F90AED-A444-4CB0-B944-9265BBE7914D}.Debug|x64.ActiveCfg = Debug|Any CPU
		{B4F90AED-A444-4CB0-B944-9265BBE7914D}.Debug|x64.Build.0 = Debug|Any CPU
		{B4F90AED-A444-4CB0-B944-9265BBE7914D}.Debug|x86.ActiveCfg = Debug|Any CPU
		{B4F90AED-A444-4CB0-B944-9265BBE7914D}.Debug|x86.Build.0 = Debug|Any CPU
		{B4F90AED-A444-4CB0-B944-9265BBE7914D}.Release|Any CPU.ActiveCfg = Release|Any CPU
		{B4F90AED-A444-4CB0-B944-9265BBE7914D}.Release|Any CPU.Build.0 = Release|Any CPU
		{B4F90AED-A444-4CB0-B944-9265BBE7914D}.Release|x64.ActiveCfg = Release|Any CPU
		{B4F90AED-A444-4CB0-B944-9265BBE7914D}.Release|x64.Build.0 = Release|Any CPU
		{B4F90AED-A444-4CB0-B944-9265BBE7914D}.Release|x86.ActiveCfg = Release|Any CPU
		{B4F90AED-A444-4CB0-B944-9265BBE7914D}.Release|x86.Build.0 = Release|Any CPU
		{7AC5C304-CD42-49F5-B98E-18ACCB35E098}.Debug|Any CPU.ActiveCfg = Debug|Any CPU
		{7AC5C304-CD42-49F5-B98E-18ACCB35E098}.Debug|Any CPU.Build.0 = Debug|Any CPU
		{7AC5C304-CD42-49F5-B98E-18ACCB35E098}.Debug|x64.ActiveCfg = Debug|Any CPU
		{7AC5C304-CD42-49F5-B98E-18ACCB35E098}.Debug|x64.Build.0 = Debug|Any CPU
		{7AC5C304-CD42-49F5-B98E-18ACCB35E098}.Debug|x86.ActiveCfg = Debug|Any CPU
		{7AC5C304-CD42-49F5-B98E-18ACCB35E098}.Debug|x86.Build.0 = Debug|Any CPU
		{7AC5C304-CD42-49F5-B98E-18ACCB35E098}.Release|Any CPU.ActiveCfg = Release|Any CPU
		{7AC5C304-CD42-49F5-B98E-18ACCB35E098}.Release|Any CPU.Build.0 = Release|Any CPU
		{7AC5C304-CD42-49F5-B98E-18ACCB35E098}.Release|x64.ActiveCfg = Release|Any CPU
		{7AC5C304-CD42-49F5-B98E-18ACCB35E098}.Release|x64.Build.0 = Release|Any CPU
		{7AC5C304-CD42-49F5-B98E-18ACCB35E098}.Release|x86.ActiveCfg = Release|Any CPU
		{7AC5C304-CD42-49F5-B98E-18ACCB35E098}.Release|x86.Build.0 = Release|Any CPU
	EndGlobalSection
	GlobalSection(SolutionProperties) = preSolution
		HideSolutionNode = FALSE
	EndGlobalSection
EndGlobal
